<?xml version="1.0" encoding="utf-8"?>
<Project ToolsVersion="4.0" xmlns="http://schemas.microsoft.com/developer/msbuild/2003">
  <ItemGroup>
    <Filter Include="Generated Files">
      <UniqueIdentifier>{66d02ce0-191c-4a25-b7cd-b437d6b5e9c7}</UniqueIdentifier>
    </Filter>
    <Filter Include="Source Files">
      <UniqueIdentifier>{87c54109-f9f2-4cd9-a906-003f75198ad8}</UniqueIdentifier>
      <Extensions>cpp;c;edl;def; .. and other options</Extensions>
    </Filter>
    <Filter Include="Header Files">
      <UniqueIdentifier>{1f9afd52-a64b-4b6e-805d-59c96d6a9901}</UniqueIdentifier>
      <Extensions>h;hpp; .. and other options</Extensions>
    </Filter>
    <Filter Include="Resource Files">
      <UniqueIdentifier>{7420c94c-2d39-40a8-be73-8676772284f1}</UniqueIdentifier>
      <Extensions>rc;xml;pem; .. and other options</Extensions>
    </Filter>
  </ItemGroup>
  <ItemGroup>
    <ClCompile Include="reencrypt_t.c">
      <Filter>Generated Files</Filter>
    </ClCompile>
    <ClCompile Include="ciphers\aes128gcm.c">
      <Filter>Source Files</Filter>
    </ClCompile>
    <ClCompile Include="keyring.c">
      <Filter>Source Files</Filter>
    </ClCompile>
    <ClCompile Include="reencrypt.c">
      <Filter>Source Files</Filter>
    </ClCompile>
    <ClCompile Include="tweetnacl\tweetnacl.c">
      <Filter>Source Files</Filter>
    </ClCompile>
    <ClCompile Include="randombytes.c">
      <Filter>Source Files</Filter>
    </ClCompile>
    <ClCompile Include="policy.c">
      <Filter>Source Files</Filter>
    </ClCompile>
    <ClCompile Include="sealing.c">
      <Filter>Source Files</Filter>
    </ClCompile>
    <ClCompile Include="nacl_box.c">
      <Filter>Source Files</Filter>
    </ClCompile>
    <ClCompile Include="request.c">
      <Filter>Source Files</Filter>
    </ClCompile>
    <ClCompile Include="unsafe_clock.c">
      <Filter>Source Files</Filter>
    </ClCompile>
    <ClCompile Include="blake2\blake2b-ref.c">
      <Filter>Source Files</Filter>
    </ClCompile>
    <ClCompile Include="filesystem.c">
      <Filter>Source Files</Filter>
    </ClCompile>
  </ItemGroup>
  <ItemGroup>
    <ClInclude Include="reencrypt_t.h">
      <Filter>Generated Files</Filter>
    </ClInclude>
    <ClInclude Include="keyring.h">
      <Filter>Header Files</Filter>
    </ClInclude>
    <ClInclude Include="ciphers\aes128gcm.h">
      <Filter>Header Files</Filter>
    </ClInclude>
    <ClInclude Include="tweetnacl\tweetnacl.h">
      <Filter>Header Files</Filter>
    </ClInclude>
    <ClInclude Include="policy.h">
      <Filter>Header Files</Filter>
    </ClInclude>
    <ClInclude Include="reencrypt.h">
      <Filter>Header Files</Filter>
    </ClInclude>
    <ClInclude Include="types.h">
      <Filter>Header Files</Filter>
    </ClInclude>
    <ClInclude Include="sealing.h">
      <Filter>Header Files</Filter>
    </ClInclude>
    <ClInclude Include="nacl_box.h">
      <Filter>Header Files</Filter>
    </ClInclude>
    <ClInclude Include="request.h">
      <Filter>Header Files</Filter>
    </ClInclude>
    <ClInclude Include="unsafe_clock.h">
      <Filter>Header Files</Filter>
    </ClInclude>
    <ClInclude Include="blake2\blake2.h">
      <Filter>Header Files</Filter>
    </ClInclude>
    <ClInclude Include="config.h">
      <Filter>Header Files</Filter>
    </ClInclude>
    <ClInclude Include="filesystem.h">
      <Filter>Header Files</Filter>
    </ClInclude>
  </ItemGroup>
  <ItemGroup>
    <None Include="reencrypt_private.pem">
      <Filter>Resource Files</Filter>
    </None>
  </ItemGroup>
  <ItemGroup>
    <Xml Include="reencrypt.config.xml">
      <Filter>Resource Files</Filter>
    </Xml>
  </ItemGroup>
  <ItemGroup>
    <Text Include="ReadMe.txt" />
  </ItemGroup>
  <ItemGroup>
    <CustomBuild Include="reencrypt.edl">
      <Filter>Source Files</Filter>
    </CustomBuild>
  </ItemGroup>
</Project>